
Microsoft Visual Studio Solution File, Format Version 12.00
# Visual Studio Version 16
VisualStudioVersion = 16.0.31729.503
MinimumVisualStudioVersion = 10.0.40219.1
Project("{FAE04EC0-301F-11D3-BF4B-00C04F79EFBC}") = "laba3 program1", "laba3 program1.csproj", "{CC51CCDF-34F5-4AA6-892C-395CEE650626}"
EndProject
Global
	GlobalSection(SolutionConfigurationPlatforms) = preSolution
		Debug|Any CPU = Debug|Any CPU
		Release|Any CPU = Release|Any CPU
	EndGlobalSection
	GlobalSection(ProjectConfigurationPlatforms) = postSolution
		{CC51CCDF-34F5-4AA6-892C-395CEE650626}.Debug|Any CPU.ActiveCfg = Debug|Any CPU
		{CC51CCDF-34F5-4AA6-892C-395CEE650626}.Debug|Any CPU.Build.0 = Debug|Any CPU
		{CC51CCDF-34F5-4AA6-892C-395CEE650626}.Release|Any CPU.ActiveCfg = Release|Any CPU
		{CC51CCDF-34F5-4AA6-892C-395CEE650626}.Release|Any CPU.Build.0 = Release|Any CPU
	EndGlobalSection
	GlobalSection(SolutionProperties) = preSolution
		HideSolutionNode = FALSE
	EndGlobalSection
	GlobalSection(ExtensibilityGlobals) = postSolution
		SolutionGuid = {0D1A6F21-84EF-4A53-B1B3-2BE2DD452FFE}
	EndGlobalSection
EndGlobal
