
Microsoft Visual Studio Solution File, Format Version 12.00
# Visual Studio Version 16
VisualStudioVersion = 16.0.31729.503
MinimumVisualStudioVersion = 10.0.40219.1
Project("{FAE04EC0-301F-11D3-BF4B-00C04F79EFBC}") = "laba3 program3", "laba3 program3.csproj", "{357A5D44-535A-42EA-977E-F43D51AD5545}"
EndProject
Global
	GlobalSection(SolutionConfigurationPlatforms) = preSolution
		Debug|Any CPU = Debug|Any CPU
		Release|Any CPU = Release|Any CPU
	EndGlobalSection
	GlobalSection(ProjectConfigurationPlatforms) = postSolution
		{357A5D44-535A-42EA-977E-F43D51AD5545}.Debug|Any CPU.ActiveCfg = Debug|Any CPU
		{357A5D44-535A-42EA-977E-F43D51AD5545}.Debug|Any CPU.Build.0 = Debug|Any CPU
		{357A5D44-535A-42EA-977E-F43D51AD5545}.Release|Any CPU.ActiveCfg = Release|Any CPU
		{357A5D44-535A-42EA-977E-F43D51AD5545}.Release|Any CPU.Build.0 = Release|Any CPU
	EndGlobalSection
	GlobalSection(SolutionProperties) = preSolution
		HideSolutionNode = FALSE
	EndGlobalSection
	GlobalSection(ExtensibilityGlobals) = postSolution
		SolutionGuid = {A428F6D0-6B29-4FF4-A553-577C7955512E}
	EndGlobalSection
EndGlobal
